// !$*UTF8*$!
{
	archiveVersion = 1;
	classes = {
	};
	objectVersion = 55;
	objects = {

/* Begin PBXBuildFile section */
		A237140727D0794C00DD4A29 /* Tests_iOS.swift in Sources */ = {isa = PBXBuildFile; fileRef = A237140627D0794C00DD4A29 /* Tests_iOS.swift */; };
		A237140927D0794C00DD4A29 /* Tests_iOSLaunchTests.swift in Sources */ = {isa = PBXBuildFile; fileRef = A237140827D0794C00DD4A29 /* Tests_iOSLaunchTests.swift */; };
		A237141327D0794C00DD4A29 /* Tests_macOS.swift in Sources */ = {isa = PBXBuildFile; fileRef = A237141227D0794C00DD4A29 /* Tests_macOS.swift */; };
		A237141527D0794C00DD4A29 /* Tests_macOSLaunchTests.swift in Sources */ = {isa = PBXBuildFile; fileRef = A237141427D0794C00DD4A29 /* Tests_macOSLaunchTests.swift */; };
		A237141627D0794C00DD4A29 /* PSYC2015App.swift in Sources */ = {isa = PBXBuildFile; fileRef = A23713EE27D0794B00DD4A29 /* PSYC2015App.swift */; };
		A237141727D0794C00DD4A29 /* PSYC2015App.swift in Sources */ = {isa = PBXBuildFile; fileRef = A23713EE27D0794B00DD4A29 /* PSYC2015App.swift */; };
		A237141827D0794C00DD4A29 /* ContentView.swift in Sources */ = {isa = PBXBuildFile; fileRef = A23713EF27D0794B00DD4A29 /* ContentView.swift */; };
		A237141927D0794C00DD4A29 /* ContentView.swift in Sources */ = {isa = PBXBuildFile; fileRef = A23713EF27D0794B00DD4A29 /* ContentView.swift */; };
		A237141A27D0794C00DD4A29 /* Assets.xcassets in Resources */ = {isa = PBXBuildFile; fileRef = A23713F027D0794C00DD4A29 /* Assets.xcassets */; };
		A237141B27D0794C00DD4A29 /* Assets.xcassets in Resources */ = {isa = PBXBuildFile; fileRef = A23713F027D0794C00DD4A29 /* Assets.xcassets */; };
/* End PBXBuildFile section */

/* Begin PBXContainerItemProxy section */
		A237140327D0794C00DD4A29 /* PBXContainerItemProxy */ = {
			isa = PBXContainerItemProxy;
			containerPortal = A23713E927D0794B00DD4A29 /* Project object */;
			proxyType = 1;
			remoteGlobalIDString = A23713F427D0794C00DD4A29;
			remoteInfo = "PSYC2015 (iOS)";
		};
		A237140F27D0794C00DD4A29 /* PBXContainerItemProxy */ = {
			isa = PBXContainerItemProxy;
			containerPortal = A23713E927D0794B00DD4A29 /* Project object */;
			proxyType = 1;
			remoteGlobalIDString = A23713FA27D0794C00DD4A29;
			remoteInfo = "PSYC2015 (macOS)";
		};
/* End PBXContainerItemProxy section */

/* Begin PBXFileReference section */
		A23713EE27D0794B00DD4A29 /* PSYC2015App.swift */ = {isa = PBXFileReference; lastKnownFileType = sourcecode.swift; path = PSYC2015App.swift; sourceTree = "<group>"; };
		A23713EF27D0794B00DD4A29 /* ContentView.swift */ = {isa = PBXFileReference; lastKnownFileType = sourcecode.swift; path = ContentView.swift; sourceTree = "<group>"; };
		A23713F027D0794C00DD4A29 /* Assets.xcassets */ = {isa = PBXFileReference; lastKnownFileType = folder.assetcatalog; path = Assets.xcassets; sourceTree = "<group>"; };
		A23713F527D0794C00DD4A29 /* PSYC2015.app */ = {isa = PBXFileReference; explicitFileType = wrapper.application; includeInIndex = 0; path = PSYC2015.app; sourceTree = BUILT_PRODUCTS_DIR; };
		A23713FB27D0794C00DD4A29 /* PSYC2015.app */ = {isa = PBXFileReference; explicitFileType = wrapper.application; includeInIndex = 0; path = PSYC2015.app; sourceTree = BUILT_PRODUCTS_DIR; };
		A23713FD27D0794C00DD4A29 /* macOS.entitlements */ = {isa = PBXFileReference; lastKnownFileType = text.plist.entitlements; path = macOS.entitlements; sourceTree = "<group>"; };
		A237140227D0794C00DD4A29 /* Tests iOS.xctest */ = {isa = PBXFileReference; explicitFileType = wrapper.cfbundle; includeInIndex = 0; path = "Tests iOS.xctest"; sourceTree = BUILT_PRODUCTS_DIR; };
		A237140627D0794C00DD4A29 /* Tests_iOS.swift */ = {isa = PBXFileReference; lastKnownFileType = sourcecode.swift; path = Tests_iOS.swift; sourceTree = "<group>"; };
		A237140827D0794C00DD4A29 /* Tests_iOSLaunchTests.swift */ = {isa = PBXFileReference; lastKnownFileType = sourcecode.swift; path = Tests_iOSLaunchTests.swift; sourceTree = "<group>"; };
		A237140E27D0794C00DD4A29 /* Tests macOS.xctest */ = {isa = PBXFileReference; explicitFileType = wrapper.cfbundle; includeInIndex = 0; path = "Tests macOS.xctest"; sourceTree = BUILT_PRODUCTS_DIR; };
		A237141227D0794C00DD4A29 /* Tests_macOS.swift */ = {isa = PBXFileReference; lastKnownFileType = sourcecode.swift; path = Tests_macOS.swift; sourceTree = "<group>"; };
		A237141427D0794C00DD4A29 /* Tests_macOSLaunchTests.swift */ = {isa = PBXFileReference; lastKnownFileType = sourcecode.swift; path = Tests_macOSLaunchTests.swift; sourceTree = "<group>"; };
/* End PBXFileReference section */

/* Begin PBXFrameworksBuildPhase section */
		A23713F227D0794C00DD4A29 /* Frameworks */ = {
			isa = PBXFrameworksBuildPhase;
			buildActionMask = 2147483647;
			files = (
			);
			runOnlyForDeploymentPostprocessing = 0;
		};
		A23713F827D0794C00DD4A29 /* Frameworks */ = {
			isa = PBXFrameworksBuildPhase;
			buildActionMask = 2147483647;
			files = (
			);
			runOnlyForDeploymentPostprocessing = 0;
		};
		A23713FF27D0794C00DD4A29 /* Frameworks */ = {
			isa = PBXFrameworksBuildPhase;
			buildActionMask = 2147483647;
			files = (
			);
			runOnlyForDeploymentPostprocessing = 0;
		};
		A237140B27D0794C00DD4A29 /* Frameworks */ = {
			isa = PBXFrameworksBuildPhase;
			buildActionMask = 2147483647;
			files = (
			);
			runOnlyForDeploymentPostprocessing = 0;
		};
/* End PBXFrameworksBuildPhase section */

/* Begin PBXGroup section */
		A23713E827D0794B00DD4A29 = {
			isa = PBXGroup;
			children = (
				A23713ED27D0794B00DD4A29 /* Shared */,
				A23713FC27D0794C00DD4A29 /* macOS */,
				A237140527D0794C00DD4A29 /* Tests iOS */,
				A237141127D0794C00DD4A29 /* Tests macOS */,
				A23713F627D0794C00DD4A29 /* Products */,
			);
			sourceTree = "<group>";
		};
		A23713ED27D0794B00DD4A29 /* Shared */ = {
			isa = PBXGroup;
			children = (
				A23713EE27D0794B00DD4A29 /* PSYC2015App.swift */,
				A23713EF27D0794B00DD4A29 /* ContentView.swift */,
				A23713F027D0794C00DD4A29 /* Assets.xcassets */,
			);
			path = Shared;
			sourceTree = "<group>";
		};
		A23713F627D0794C00DD4A29 /* Products */ = {
			isa = PBXGroup;
			children = (
				A23713F527D0794C00DD4A29 /* PSYC2015.app */,
				A23713FB27D0794C00DD4A29 /* PSYC2015.app */,
				A237140227D0794C00DD4A29 /* Tests iOS.xctest */,
				A237140E27D0794C00DD4A29 /* Tests macOS.xctest */,
			);
			name = Products;
			sourceTree = "<group>";
		};
		A23713FC27D0794C00DD4A29 /* macOS */ = {
			isa = PBXGroup;
			children = (
				A23713FD27D0794C00DD4A29 /* macOS.entitlements */,
			);
			path = macOS;
			sourceTree = "<group>";
		};
		A237140527D0794C00DD4A29 /* Tests iOS */ = {
			isa = PBXGroup;
			children = (
				A237140627D0794C00DD4A29 /* Tests_iOS.swift */,
				A237140827D0794C00DD4A29 /* Tests_iOSLaunchTests.swift */,
			);
			path = "Tests iOS";
			sourceTree = "<group>";
		};
		A237141127D0794C00DD4A29 /* Tests macOS */ = {
			isa = PBXGroup;
			children = (
				A237141227D0794C00DD4A29 /* Tests_macOS.swift */,
				A237141427D0794C00DD4A29 /* Tests_macOSLaunchTests.swift */,
			);
			path = "Tests macOS";
			sourceTree = "<group>";
		};
/* End PBXGroup section */

/* Begin PBXNativeTarget section */
		A23713F427D0794C00DD4A29 /* PSYC2015 (iOS) */ = {
			isa = PBXNativeTarget;
			buildConfigurationList = A237141E27D0794C00DD4A29 /* Build configuration list for PBXNativeTarget "PSYC2015 (iOS)" */;
			buildPhases = (
				A23713F127D0794C00DD4A29 /* Sources */,
				A23713F227D0794C00DD4A29 /* Frameworks */,
				A23713F327D0794C00DD4A29 /* Resources */,
			);
			buildRules = (
			);
			dependencies = (
			);
			name = "PSYC2015 (iOS)";
			productName = "PSYC2015 (iOS)";
			productReference = A23713F527D0794C00DD4A29 /* PSYC2015.app */;
			productType = "com.apple.product-type.application";
		};
		A23713FA27D0794C00DD4A29 /* PSYC2015 (macOS) */ = {
			isa = PBXNativeTarget;
			buildConfigurationList = A237142127D0794C00DD4A29 /* Build configuration list for PBXNativeTarget "PSYC2015 (macOS)" */;
			buildPhases = (
				A23713F727D0794C00DD4A29 /* Sources */,
				A23713F827D0794C00DD4A29 /* Frameworks */,
				A23713F927D0794C00DD4A29 /* Resources */,
			);
			buildRules = (
			);
			dependencies = (
			);
			name = "PSYC2015 (macOS)";
			productName = "PSYC2015 (macOS)";
			productReference = A23713FB27D0794C00DD4A29 /* PSYC2015.app */;
			productType = "com.apple.product-type.application";
		};
		A237140127D0794C00DD4A29 /* Tests iOS */ = {
			isa = PBXNativeTarget;
			buildConfigurationList = A237142427D0794C00DD4A29 /* Build configuration list for PBXNativeTarget "Tests iOS" */;
			buildPhases = (
				A23713FE27D0794C00DD4A29 /* Sources */,
				A23713FF27D0794C00DD4A29 /* Frameworks */,
				A237140027D0794C00DD4A29 /* Resources */,
			);
			buildRules = (
			);
			dependencies = (
				A237140427D0794C00DD4A29 /* PBXTargetDependency */,
			);
			name = "Tests iOS";
			productName = "Tests iOS";
			productReference = A237140227D0794C00DD4A29 /* Tests iOS.xctest */;
			productType = "com.apple.product-type.bundle.ui-testing";
		};
		A237140D27D0794C00DD4A29 /* Tests macOS */ = {
			isa = PBXNativeTarget;
			buildConfigurationList = A237142727D0794C00DD4A29 /* Build configuration list for PBXNativeTarget "Tests macOS" */;
			buildPhases = (
				A237140A27D0794C00DD4A29 /* Sources */,
				A237140B27D0794C00DD4A29 /* Frameworks */,
				A237140C27D0794C00DD4A29 /* Resources */,
			);
			buildRules = (
			);
			dependencies = (
				A237141027D0794C00DD4A29 /* PBXTargetDependency */,
			);
			name = "Tests macOS";
			productName = "Tests macOS";
			productReference = A237140E27D0794C00DD4A29 /* Tests macOS.xctest */;
			productType = "com.apple.product-type.bundle.ui-testing";
		};
/* End PBXNativeTarget section */

/* Begin PBXProject section */
		A23713E927D0794B00DD4A29 /* Project object */ = {
			isa = PBXProject;
			attributes = {
				BuildIndependentTargetsInParallel = 1;
				LastSwiftUpdateCheck = 1320;
				LastUpgradeCheck = 1320;
				TargetAttributes = {
					A23713F427D0794C00DD4A29 = {
						CreatedOnToolsVersion = 13.2.1;
					};
					A23713FA27D0794C00DD4A29 = {
						CreatedOnToolsVersion = 13.2.1;
					};
					A237140127D0794C00DD4A29 = {
						CreatedOnToolsVersion = 13.2.1;
						TestTargetID = A23713F427D0794C00DD4A29;
					};
					A237140D27D0794C00DD4A29 = {
						CreatedOnToolsVersion = 13.2.1;
						TestTargetID = A23713FA27D0794C00DD4A29;
					};
				};
			};
			buildConfigurationList = A23713EC27D0794B00DD4A29 /* Build configuration list for PBXProject "PSYC2015" */;
			compatibilityVersion = "Xcode 13.0";
			developmentRegion = en;
			hasScannedForEncodings = 0;
			knownRegions = (
				en,
				Base,
			);
			mainGroup = A23713E827D0794B00DD4A29;
			productRefGroup = A23713F627D0794C00DD4A29 /* Products */;
			projectDirPath = "";
			projectRoot = "";
			targets = (
				A23713F427D0794C00DD4A29 /* PSYC2015 (iOS) */,
				A23713FA27D0794C00DD4A29 /* PSYC2015 (macOS) */,
				A237140127D0794C00DD4A29 /* Tests iOS */,
				A237140D27D0794C00DD4A29 /* Tests macOS */,
			);
		};
/* End PBXProject section */

/* Begin PBXResourcesBuildPhase section */
		A23713F327D0794C00DD4A29 /* Resources */ = {
			isa = PBXResourcesBuildPhase;
			buildActionMask = 2147483647;
			files = (
				A237141A27D0794C00DD4A29 /* Assets.xcassets in Resources */,
			);
			runOnlyForDeploymentPostprocessing = 0;
		};
		A23713F927D0794C00DD4A29 /* Resources */ = {
			isa = PBXResourcesBuildPhase;
			buildActionMask = 2147483647;
			files = (
				A237141B27D0794C00DD4A29 /* Assets.xcassets in Resources */,
			);
			runOnlyForDeploymentPostprocessing = 0;
		};
		A237140027D0794C00DD4A29 /* Resources */ = {
			isa = PBXResourcesBuildPhase;
			buildActionMask = 2147483647;
			files = (
			);
			runOnlyForDeploymentPostprocessing = 0;
		};
		A237140C27D0794C00DD4A29 /* Resources */ = {
			isa = PBXResourcesBuildPhase;
			buildActionMask = 2147483647;
			files = (
			);
			runOnlyForDeploymentPostprocessing = 0;
		};
/* End PBXResourcesBuildPhase section */

/* Begin PBXSourcesBuildPhase section */
		A23713F127D0794C00DD4A29 /* Sources */ = {
			isa = PBXSourcesBuildPhase;
			buildActionMask = 2147483647;
			files = (
				A237141827D0794C00DD4A29 /* ContentView.swift in Sources */,
				A237141627D0794C00DD4A29 /* PSYC2015App.swift in Sources */,
			);
			runOnlyForDeploymentPostprocessing = 0;
		};
		A23713F727D0794C00DD4A29 /* Sources */ = {
			isa = PBXSourcesBuildPhase;
			buildActionMask = 2147483647;
			files = (
				A237141927D0794C00DD4A29 /* ContentView.swift in Sources */,
				A237141727D0794C00DD4A29 /* PSYC2015App.swift in Sources */,
			);
			runOnlyForDeploymentPostprocessing = 0;
		};
		A23713FE27D0794C00DD4A29 /* Sources */ = {
			isa = PBXSourcesBuildPhase;
			buildActionMask = 2147483647;
			files = (
				A237140927D0794C00DD4A29 /* Tests_iOSLaunchTests.swift in Sources */,
				A237140727D0794C00DD4A29 /* Tests_iOS.swift in Sources */,
			);
			runOnlyForDeploymentPostprocessing = 0;
		};
		A237140A27D0794C00DD4A29 /* Sources */ = {
			isa = PBXSourcesBuildPhase;
			buildActionMask = 2147483647;
			files = (
				A237141527D0794C00DD4A29 /* Tests_macOSLaunchTests.swift in Sources */,
				A237141327D0794C00DD4A29 /* Tests_macOS.swift in Sources */,
			);
			runOnlyForDeploymentPostprocessing = 0;
		};
/* End PBXSourcesBuildPhase section */

/* Begin PBXTargetDependency section */
		A237140427D0794C00DD4A29 /* PBXTargetDependency */ = {
			isa = PBXTargetDependency;
			target = A23713F427D0794C00DD4A29 /* PSYC2015 (iOS) */;
			targetProxy = A237140327D0794C00DD4A29 /* PBXContainerItemProxy */;
		};
		A237141027D0794C00DD4A29 /* PBXTargetDependency */ = {
			isa = PBXTargetDependency;
			target = A23713FA27D0794C00DD4A29 /* PSYC2015 (macOS) */;
			targetProxy = A237140F27D0794C00DD4A29 /* PBXContainerItemProxy */;
		};
/* End PBXTargetDependency section */

/* Begin XCBuildConfiguration section */
		A237141C27D0794C00DD4A29 /* Debug */ = {
			isa = XCBuildConfiguration;
			buildSettings = {
				ALWAYS_SEARCH_USER_PATHS = NO;
				CLANG_ANALYZER_NONNULL = YES;
				CLANG_ANALYZER_NUMBER_OBJECT_CONVERSION = YES_AGGRESSIVE;
				CLANG_CXX_LANGUAGE_STANDARD = "gnu++17";
				CLANG_CXX_LIBRARY = "libc++";
				CLANG_ENABLE_MODULES = YES;
				CLANG_ENABLE_OBJC_ARC = YES;
				CLANG_ENABLE_OBJC_WEAK = YES;
				CLANG_WARN_BLOCK_CAPTURE_AUTORELEASING = YES;
				CLANG_WARN_BOOL_CONVERSION = YES;
				CLANG_WARN_COMMA = YES;
				CLANG_WARN_CONSTANT_CONVERSION = YES;
				CLANG_WARN_DEPRECATED_OBJC_IMPLEMENTATIONS = YES;
				CLANG_WARN_DIRECT_OBJC_ISA_USAGE = YES_ERROR;
				CLANG_WARN_DOCUMENTATION_COMMENTS = YES;
				CLANG_WARN_EMPTY_BODY = YES;
				CLANG_WARN_ENUM_CONVERSION = YES;
				CLANG_WARN_INFINITE_RECURSION = YES;
				CLANG_WARN_INT_CONVERSION = YES;
				CLANG_WARN_NON_LITERAL_NULL_CONVERSION = YES;
				CLANG_WARN_OBJC_IMPLICIT_RETAIN_SELF = YES;
				CLANG_WARN_OBJC_LITERAL_CONVERSION = YES;
				CLANG_WARN_OBJC_ROOT_CLASS = YES_ERROR;
				CLANG_WARN_QUOTED_INCLUDE_IN_FRAMEWORK_HEADER = YES;
				CLANG_WARN_RANGE_LOOP_ANALYSIS = YES;
				CLANG_WARN_STRICT_PROTOTYPES = YES;
				CLANG_WARN_SUSPICIOUS_MOVE = YES;
				CLANG_WARN_UNGUARDED_AVAILABILITY = YES_AGGRESSIVE;
				CLANG_WARN_UNREACHABLE_CODE = YES;
				CLANG_WARN__DUPLICATE_METHOD_MATCH = YES;
				COPY_PHASE_STRIP = NO;
				DEBUG_INFORMATION_FORMAT = dwarf;
				ENABLE_STRICT_OBJC_MSGSEND = YES;
				ENABLE_TESTABILITY = YES;
				GCC_C_LANGUAGE_STANDARD = gnu11;
				GCC_DYNAMIC_NO_PIC = NO;
				GCC_NO_COMMON_BLOCKS = YES;
				GCC_OPTIMIZATION_LEVEL = 0;
				GCC_PREPROCESSOR_DEFINITIONS = (
					"DEBUG=1",
					"$(inherited)",
				);
				GCC_WARN_64_TO_32_BIT_CONVERSION = YES;
				GCC_WARN_ABOUT_RETURN_TYPE = YES_ERROR;
				GCC_WARN_UNDECLARED_SELECTOR = YES;
				GCC_WARN_UNINITIALIZED_AUTOS = YES_AGGRESSIVE;
				GCC_WARN_UNUSED_FUNCTION = YES;
				GCC_WARN_UNUSED_VARIABLE = YES;
				MTL_ENABLE_DEBUG_INFO = INCLUDE_SOURCE;
				MTL_FAST_MATH = YES;
				ONLY_ACTIVE_ARCH = YES;
				SWIFT_ACTIVE_COMPILATION_CONDITIONS = DEBUG;
				SWIFT_OPTIMIZATION_LEVEL = "-Onone";
			};
			name = Debug;
		};
		A237141D27D0794C00DD4A29 /* Release */ = {
			isa = XCBuildConfiguration;
			buildSettings = {
				ALWAYS_SEARCH_USER_PATHS = NO;
				CLANG_ANALYZER_NONNULL = YES;
				CLANG_ANALYZER_NUMBER_OBJECT_CONVERSION = YES_AGGRESSIVE;
				CLANG_CXX_LANGUAGE_STANDARD = "gnu++17";
				CLANG_CXX_LIBRARY = "libc++";
				CLANG_ENABLE_MODULES = YES;
				CLANG_ENABLE_OBJC_ARC = YES;
				CLANG_ENABLE_OBJC_WEAK = YES;
				CLANG_WARN_BLOCK_CAPTURE_AUTORELEASING = YES;
				CLANG_WARN_BOOL_CONVERSION = YES;
				CLANG_WARN_COMMA = YES;
				CLANG_WARN_CONSTANT_CONVERSION = YES;
				CLANG_WARN_DEPRECATED_OBJC_IMPLEMENTATIONS = YES;
				CLANG_WARN_DIRECT_OBJC_ISA_USAGE = YES_ERROR;
				CLANG_WARN_DOCUMENTATION_COMMENTS = YES;
				CLANG_WARN_EMPTY_BODY = YES;
				CLANG_WARN_ENUM_CONVERSION = YES;
				CLANG_WARN_INFINITE_RECURSION = YES;
				CLANG_WARN_INT_CONVERSION = YES;
				CLANG_WARN_NON_LITERAL_NULL_CONVERSION = YES;
				CLANG_WARN_OBJC_IMPLICIT_RETAIN_SELF = YES;
				CLANG_WARN_OBJC_LITERAL_CONVERSION = YES;
				CLANG_WARN_OBJC_ROOT_CLASS = YES_ERROR;
				CLANG_WARN_QUOTED_INCLUDE_IN_FRAMEWORK_HEADER = YES;
				CLANG_WARN_RANGE_LOOP_ANALYSIS = YES;
				CLANG_WARN_STRICT_PROTOTYPES = YES;
				CLANG_WARN_SUSPICIOUS_MOVE = YES;
				CLANG_WARN_UNGUARDED_AVAILABILITY = YES_AGGRESSIVE;
				CLANG_WARN_UNREACHABLE_CODE = YES;
				CLANG_WARN__DUPLICATE_METHOD_MATCH = YES;
				COPY_PHASE_STRIP = NO;
				DEBUG_INFORMATION_FORMAT = "dwarf-with-dsym";
				ENABLE_NS_ASSERTIONS = NO;
				ENABLE_STRICT_OBJC_MSGSEND = YES;
				GCC_C_LANGUAGE_STANDARD = gnu11;
				GCC_NO_COMMON_BLOCKS = YES;
				GCC_WARN_64_TO_32_BIT_CONVERSION = YES;
				GCC_WARN_ABOUT_RETURN_TYPE = YES_ERROR;
				GCC_WARN_UNDECLARED_SELECTOR = YES;
				GCC_WARN_UNINITIALIZED_AUTOS = YES_AGGRESSIVE;
				GCC_WARN_UNUSED_FUNCTION = YES;
				GCC_WARN_UNUSED_VARIABLE = YES;
				MTL_ENABLE_DEBUG_INFO = NO;
				MTL_FAST_MATH = YES;
				SWIFT_COMPILATION_MODE = wholemodule;
				SWIFT_OPTIMIZATION_LEVEL = "-O";
			};
			name = Release;
		};
		A237141F27D0794C00DD4A29 /* Debug */ = {
			isa = XCBuildConfiguration;
			buildSettings = {
				ASSETCATALOG_COMPILER_APPICON_NAME = AppIcon;
				ASSETCATALOG_COMPILER_GLOBAL_ACCENT_COLOR_NAME = AccentColor;
				CODE_SIGN_STYLE = Automatic;
				CURRENT_PROJECT_VERSION = 1;
				DEVELOPMENT_TEAM = 6TFM969564;
				ENABLE_PREVIEWS = YES;
				GENERATE_INFOPLIST_FILE = YES;
				INFOPLIST_KEY_UIApplicationSceneManifest_Generation = YES;
				INFOPLIST_KEY_UIApplicationSupportsIndirectInputEvents = YES;
				INFOPLIST_KEY_UILaunchScreen_Generation = YES;
				INFOPLIST_KEY_UISupportedInterfaceOrientations_iPad = "UIInterfaceOrientationPortrait UIInterfaceOrientationPortraitUpsideDown UIInterfaceOrientationLandscapeLeft UIInterfaceOrientationLandscapeRight";
				INFOPLIST_KEY_UISupportedInterfaceOrientations_iPhone = "UIInterfaceOrientationPortrait UIInterfaceOrientationLandscapeLeft UIInterfaceOrientationLandscapeRight";
				IPHONEOS_DEPLOYMENT_TARGET = 14.0;
				LD_RUNPATH_SEARCH_PATHS = (
					"$(inherited)",
					"@executable_path/Frameworks",
				);
				MARKETING_VERSION = 1.0;
				PRODUCT_BUNDLE_IDENTIFIER = com.tanmoypanigrahi.PSYC2015;
				PRODUCT_NAME = PSYC2015;
				SDKROOT = iphoneos;
				SWIFT_EMIT_LOC_STRINGS = YES;
				SWIFT_VERSION = 5.0;
				TARGETED_DEVICE_FAMILY = "1,2";
			};
			name = Debug;
		};
		A237142027D0794C00DD4A29 /* Release */ = {
			isa = XCBuildConfiguration;
			buildSettings = {
				ASSETCATALOG_COMPILER_APPICON_NAME = AppIcon;
				ASSETCATALOG_COMPILER_GLOBAL_ACCENT_COLOR_NAME = AccentColor;
				CODE_SIGN_STYLE = Automatic;
				CURRENT_PROJECT_VERSION = 1;
				DEVELOPMENT_TEAM = 6TFM969564;
				ENABLE_PREVIEWS = YES;
				GENERATE_INFOPLIST_FILE = YES;
				INFOPLIST_KEY_UIApplicationSceneManifest_Generation = YES;
				INFOPLIST_KEY_UIApplicationSupportsIndirectInputEvents = YES;
				INFOPLIST_KEY_UILaunchScreen_Generation = YES;
				INFOPLIST_KEY_UISupportedInterfaceOrientations_iPad = "UIInterfaceOrientationPortrait UIInterfaceOrientationPortraitUpsideDown UIInterfaceOrientationLandscapeLeft UIInterfaceOrientationLandscapeRight";
				INFOPLIST_KEY_UISupportedInterfaceOrientations_iPhone = "UIInterfaceOrientationPortrait UIInterfaceOrientationLandscapeLeft UIInterfaceOrientationLandscapeRight";
				IPHONEOS_DEPLOYMENT_TARGET = 14.0;
				LD_RUNPATH_SEARCH_PATHS = (
					"$(inherited)",
					"@executable_path/Frameworks",
				);
				MARKETING_VERSION = 1.0;
				PRODUCT_BUNDLE_IDENTIFIER = com.tanmoypanigrahi.PSYC2015;
				PRODUCT_NAME = PSYC2015;
				SDKROOT = iphoneos;
				SWIFT_EMIT_LOC_STRINGS = YES;
				SWIFT_VERSION = 5.0;
				TARGETED_DEVICE_FAMILY = "1,2";
				VALIDATE_PRODUCT = YES;
			};
			name = Release;
		};
		A237142227D0794C00DD4A29 /* Debug */ = {
			isa = XCBuildConfiguration;
			buildSettings = {
				ASSETCATALOG_COMPILER_APPICON_NAME = AppIcon;
				ASSETCATALOG_COMPILER_GLOBAL_ACCENT_COLOR_NAME = AccentColor;
				CODE_SIGN_ENTITLEMENTS = macOS/macOS.entitlements;
				CODE_SIGN_STYLE = Automatic;
				COMBINE_HIDPI_IMAGES = YES;
				CURRENT_PROJECT_VERSION = 1;
				DEVELOPMENT_TEAM = 6TFM969564;
				ENABLE_HARDENED_RUNTIME = YES;
				ENABLE_PREVIEWS = YES;
				GENERATE_INFOPLIST_FILE = YES;
				INFOPLIST_KEY_NSHumanReadableCopyright = "";
				LD_RUNPATH_SEARCH_PATHS = (
					"$(inherited)",
					"@executable_path/../Frameworks",
				);
				MACOSX_DEPLOYMENT_TARGET = 12.1;
				MARKETING_VERSION = 1.0;
				PRODUCT_BUNDLE_IDENTIFIER = com.tanmoypanigrahi.PSYC2015;
				PRODUCT_NAME = PSYC2015;
				SDKROOT = macosx;
				SWIFT_EMIT_LOC_STRINGS = YES;
				SWIFT_VERSION = 5.0;
			};
			name = Debug;
		};
		A237142327D0794C00DD4A29 /* Release */ = {
			isa = XCBuildConfiguration;
			buildSettings = {
				ASSETCATALOG_COMPILER_APPICON_NAME = AppIcon;
				ASSETCATALOG_COMPILER_GLOBAL_ACCENT_COLOR_NAME = AccentColor;
				CODE_SIGN_ENTITLEMENTS = macOS/macOS.entitlements;
				CODE_SIGN_STYLE = Automatic;
				COMBINE_HIDPI_IMAGES = YES;
				CURRENT_PROJECT_VERSION = 1;
				DEVELOPMENT_TEAM = 6TFM969564;
				ENABLE_HARDENED_RUNTIME = YES;
				ENABLE_PREVIEWS = YES;
				GENERATE_INFOPLIST_FILE = YES;
				INFOPLIST_KEY_NSHumanReadableCopyright = "";
				LD_RUNPATH_SEARCH_PATHS = (
					"$(inherited)",
					"@executable_path/../Frameworks",
				);
				MACOSX_DEPLOYMENT_TARGET = 12.1;
				MARKETING_VERSION = 1.0;
				PRODUCT_BUNDLE_IDENTIFIER = com.tanmoypanigrahi.PSYC2015;
				PRODUCT_NAME = PSYC2015;
				SDKROOT = macosx;
				SWIFT_EMIT_LOC_STRINGS = YES;
				SWIFT_VERSION = 5.0;
			};
			name = Release;
		};
		A237142527D0794C00DD4A29 /* Debug */ = {
			isa = XCBuildConfiguration;
			buildSettings = {
				ALWAYS_EMBED_SWIFT_STANDARD_LIBRARIES = YES;
				CODE_SIGN_STYLE = Automatic;
				CURRENT_PROJECT_VERSION = 1;
				DEVELOPMENT_TEAM = 6TFM969564;
				GENERATE_INFOPLIST_FILE = YES;
				IPHONEOS_DEPLOYMENT_TARGET = 15.2;
				MARKETING_VERSION = 1.0;
				PRODUCT_BUNDLE_IDENTIFIER = "com.tanmoypanigrahi.Tests-iOS";
				PRODUCT_NAME = "$(TARGET_NAME)";
				SDKROOT = iphoneos;
				SWIFT_EMIT_LOC_STRINGS = NO;
				SWIFT_VERSION = 5.0;
				TARGETED_DEVICE_FAMILY = "1,2";
				TEST_TARGET_NAME = "PSYC2015 (iOS)";
			};
			name = Debug;
		};
		A237142627D0794C00DD4A29 /* Release */ = {
			isa = XCBuildConfiguration;
			buildSettings = {
				ALWAYS_EMBED_SWIFT_STANDARD_LIBRARIES = YES;
				CODE_SIGN_STYLE = Automatic;
				CURRENT_PROJECT_VERSION = 1;
				DEVELOPMENT_TEAM = 6TFM969564;
				GENERATE_INFOPLIST_FILE = YES;
				IPHONEOS_DEPLOYMENT_TARGET = 15.2;
				MARKETING_VERSION = 1.0;
				PRODUCT_BUNDLE_IDENTIFIER = "com.tanmoypanigrahi.Tests-iOS";
				PRODUCT_NAME = "$(TARGET_NAME)";
				SDKROOT = iphoneos;
				SWIFT_EMIT_LOC_STRINGS = NO;
				SWIFT_VERSION = 5.0;
				TARGETED_DEVICE_FAMILY = "1,2";
				TEST_TARGET_NAME = "PSYC2015 (iOS)";
				VALIDATE_PRODUCT = YES;
			};
			name = Release;
		};
		A237142827D0794C00DD4A29 /* Debug */ = {
			isa = XCBuildConfiguration;
			buildSettings = {
				ALWAYS_EMBED_SWIFT_STANDARD_LIBRARIES = YES;
				CODE_SIGN_STYLE = Automatic;
				CURRENT_PROJECT_VERSION = 1;
				DEVELOPMENT_TEAM = 6TFM969564;
				GENERATE_INFOPLIST_FILE = YES;
				MACOSX_DEPLOYMENT_TARGET = 12.1;
				MARKETING_VERSION = 1.0;
				PRODUCT_BUNDLE_IDENTIFIER = "com.tanmoypanigrahi.Tests-macOS";
				PRODUCT_NAME = "$(TARGET_NAME)";
				SDKROOT = macosx;
				SWIFT_EMIT_LOC_STRINGS = NO;
				SWIFT_VERSION = 5.0;
				TEST_TARGET_NAME = "PSYC2015 (macOS)";
			};
			name = Debug;
		};
		A237142927D0794C00DD4A29 /* Release */ = {
			isa = XCBuildConfiguration;
			buildSettings = {
				ALWAYS_EMBED_SWIFT_STANDARD_LIBRARIES = YES;
				CODE_SIGN_STYLE = Automatic;
				CURRENT_PROJECT_VERSION = 1;
				DEVELOPMENT_TEAM = 6TFM969564;
				GENERATE_INFOPLIST_FILE = YES;
				MACOSX_DEPLOYMENT_TARGET = 12.1;
				MARKETING_VERSION = 1.0;
				PRODUCT_BUNDLE_IDENTIFIER = "com.tanmoypanigrahi.Tests-macOS";
				PRODUCT_NAME = "$(TARGET_NAME)";
				SDKROOT = macosx;
				SWIFT_EMIT_LOC_STRINGS = NO;
				SWIFT_VERSION = 5.0;
				TEST_TARGET_NAME = "PSYC2015 (macOS)";
			};
			name = Release;
		};
/* End XCBuildConfiguration section */

/* Begin XCConfigurationList section */
		A23713EC27D0794B00DD4A29 /* Build configuration list for PBXProject "PSYC2015" */ = {
			isa = XCConfigurationList;
			buildConfigurations = (
				A237141C27D0794C00DD4A29 /* Debug */,
				A237141D27D0794C00DD4A29 /* Release */,
			);
			defaultConfigurationIsVisible = 0;
			defaultConfigurationName = Release;
		};
		A237141E27D0794C00DD4A29 /* Build configuration list for PBXNativeTarget "PSYC2015 (iOS)" */ = {
			isa = XCConfigurationList;
			buildConfigurations = (
				A237141F27D0794C00DD4A29 /* Debug */,
				A237142027D0794C00DD4A29 /* Release */,
			);
			defaultConfigurationIsVisible = 0;
			defaultConfigurationName = Release;
		};
		A237142127D0794C00DD4A29 /* Build configuration list for PBXNativeTarget "PSYC2015 (macOS)" */ = {
			isa = XCConfigurationList;
			buildConfigurations = (
				A237142227D0794C00DD4A29 /* Debug */,
				A237142327D0794C00DD4A29 /* Release */,
			);
			defaultConfigurationIsVisible = 0;
			defaultConfigurationName = Release;
		};
		A237142427D0794C00DD4A29 /* Build configuration list for PBXNativeTarget "Tests iOS" */ = {
			isa = XCConfigurationList;
			buildConfigurations = (
				A237142527D0794C00DD4A29 /* Debug */,
				A237142627D0794C00DD4A29 /* Release */,
			);
			defaultConfigurationIsVisible = 0;
			defaultConfigurationName = Release;
		};
		A237142727D0794C00DD4A29 /* Build configuration list for PBXNativeTarget "Tests macOS" */ = {
			isa = XCConfigurationList;
			buildConfigurations = (
				A237142827D0794C00DD4A29 /* Debug */,
				A237142927D0794C00DD4A29 /* Release */,
			);
			defaultConfigurationIsVisible = 0;
			defaultConfigurationName = Release;
		};
/* End XCConfigurationList section */
	};
	rootObject = A23713E927D0794B00DD4A29 /* Project object */;
}
